
Microsoft Visual Studio Solution File, Format Version 12.00
# Visual Studio Version 16
VisualStudioVersion = 16.0.30907.101
MinimumVisualStudioVersion = 10.0.40219.1
Project("{FAE04EC0-301F-11D3-BF4B-00C04F79EFBC}") = "SumOfDigits", "SumOfDigits.csproj", "{301F4427-4571-45D7-871B-53A7535B9413}"
EndProject
Global
	GlobalSection(SolutionConfigurationPlatforms) = preSolution
		Debug|Any CPU = Debug|Any CPU
		Release|Any CPU = Release|Any CPU
	EndGlobalSection
	GlobalSection(ProjectConfigurationPlatforms) = postSolution
		{301F4427-4571-45D7-871B-53A7535B9413}.Debug|Any CPU.ActiveCfg = Debug|Any CPU
		{301F4427-4571-45D7-871B-53A7535B9413}.Debug|Any CPU.Build.0 = Debug|Any CPU
		{301F4427-4571-45D7-871B-53A7535B9413}.Release|Any CPU.ActiveCfg = Release|Any CPU
		{301F4427-4571-45D7-871B-53A7535B9413}.Release|Any CPU.Build.0 = Release|Any CPU
	EndGlobalSection
	GlobalSection(SolutionProperties) = preSolution
		HideSolutionNode = FALSE
	EndGlobalSection
	GlobalSection(ExtensibilityGlobals) = postSolution
		SolutionGuid = {EAA96D69-9AA5-4E2D-AD94-DF470032F2C3}
	EndGlobalSection
EndGlobal
